
Microsoft Visual Studio Solution File, Format Version 12.00
# Visual Studio Version 17
VisualStudioVersion = 17.0.32014.148
MinimumVisualStudioVersion = 10.0.40219.1
Project("{FAE04EC0-301F-11D3-BF4B-00C04F79EFBC}") = "ClawByHtmlAgility", "ClawByHtmlAgility\ClawByHtmlAgility.csproj", "{8BA83649-CCC2-429F-B2CF-3874BDE4C640}"
EndProject
Global
	GlobalSection(SolutionConfigurationPlatforms) = preSolution
		Debug|Any CPU = Debug|Any CPU
		Release|Any CPU = Release|Any CPU
	EndGlobalSection
	GlobalSection(ProjectConfigurationPlatforms) = postSolution
		{8BA83649-CCC2-429F-B2CF-3874BDE4C640}.Debug|Any CPU.ActiveCfg = Debug|Any CPU
		{8BA83649-CCC2-429F-B2CF-3874BDE4C640}.Debug|Any CPU.Build.0 = Debug|Any CPU
		{8BA83649-CCC2-429F-B2CF-3874BDE4C640}.Release|Any CPU.ActiveCfg = Release|Any CPU
		{8BA83649-CCC2-429F-B2CF-3874BDE4C640}.Release|Any CPU.Build.0 = Release|Any CPU
	EndGlobalSection
	GlobalSection(SolutionProperties) = preSolution
		HideSolutionNode = FALSE
	EndGlobalSection
	GlobalSection(ExtensibilityGlobals) = postSolution
		SolutionGuid = {57067EE4-67DB-4D17-B7B3-99D0C31BC469}
	EndGlobalSection
EndGlobal
